// !$*UTF8*$!
{
	archiveVersion = 1;
	classes = {
	};
	objectVersion = 56;
	objects = {

/* Begin PBXBuildFile section */
		036D19D2357FCAF354B35D8F /* GoogleSignIn in Frameworks */ = {isa = PBXBuildFile; productRef = 5662C63EE436AAF5D5F1FD05 /* GoogleSignIn */; };
		1210C83E3ABF3705EAA0C0D1 /* App/MailStore.swift in Sources */ = {isa = PBXBuildFile; fileRef = 75B2D40AA7032720196B86FE /* App/MailStore.swift */; };
		1729D2B584AB0024ED1C9BB4 /* Core/CorresSchema.swift in Sources */ = {isa = PBXBuildFile; fileRef = 3188DDEA4B4112FCE079024F /* Core/CorresSchema.swift */; };
		180DDC0F37852583386242F8 /* Features/ConversationView.swift in Sources */ = {isa = PBXBuildFile; fileRef = 1B711AF08239E828BF9969F3 /* Features/ConversationView.swift */; };
		198AA1E8786592DABC5E015E /* DesignSystem/Materials.swift in Sources */ = {isa = PBXBuildFile; fileRef = 37AEABBF5B1C933392981114 /* DesignSystem/Materials.swift */; };
		3A16A2272C5E0513B52F8189 /* Features/ScreenerView.swift in Sources */ = {isa = PBXBuildFile; fileRef = C56F5DE2502E92807210146E /* Features/ScreenerView.swift */; };
		3EC3C3C05C7C482BB226F0F7 /* App/PushNotificationService.swift in Sources */ = {isa = PBXBuildFile; fileRef = 916D22A5A98347EDBD6063F8 /* App/PushNotificationService.swift */; };
		48A5A9377BA4468386749647 /* App/AppDelegate.swift in Sources */ = {isa = PBXBuildFile; fileRef = 447B0387783A4EE385008A6B /* App/AppDelegate.swift */; };
		5217E979DBA0B50FC2D1DA5D /* Core/MailRepository.swift in Sources */ = {isa = PBXBuildFile; fileRef = 63EB4BD12F7A4F4DE2BC78F7 /* Core/MailRepository.swift */; };
		5663E23856EA9C3DB7EC73D8 /* Core/SwiftDataMailRepository.swift in Sources */ = {isa = PBXBuildFile; fileRef = 97F9C55B0E3533C78CF4C4F6 /* Core/SwiftDataMailRepository.swift */; };
		5B0DBF797CEEFC17DE04B195 /* App/GmailMessageComposer.swift in Sources */ = {isa = PBXBuildFile; fileRef = 44B8B11C43712F4DF6C6A4B0 /* App/GmailMessageComposer.swift */; };
		5B55F7DF9308406034F6D3C1 /* App/GmailSyncService.swift in Sources */ = {isa = PBXBuildFile; fileRef = 2107F2DE31F9ED9AE7F9E54C /* App/GmailSyncService.swift */; };
		6B9841FB4C0E4DED3FD28A36 /* Core/SampleCorrespondence.swift in Sources */ = {isa = PBXBuildFile; fileRef = 6AF963A48F35EECBABCEAC67 /* Core/SampleCorrespondence.swift */; };
		6C584DE0EEB4A0BF9EAE3C23 /* Core/Correspondence.swift in Sources */ = {isa = PBXBuildFile; fileRef = 4E055D7FFC136234D685E062 /* Core/Correspondence.swift */; };
		70B7725BE97E7AAF5A521A5F /* App/GoogleAuthService.swift in Sources */ = {isa = PBXBuildFile; fileRef = F87B8DB17F1F3706C1461F47 /* App/GoogleAuthService.swift */; };
		7ADE31691A6CE5F5F6B4E8F0 /* App/OutboxService.swift in Sources */ = {isa = PBXBuildFile; fileRef = DC0B80EE1611396DB315C571 /* App/OutboxService.swift */; };
		8088289DE26E42F346EED9A3 /* App/CorresApp.swift in Sources */ = {isa = PBXBuildFile; fileRef = C03285F34837864AED181DA0 /* App/CorresApp.swift */; };
		84828CC35E92F0A5A9B61F0D /* Core/PersistedCorrespondence.swift in Sources */ = {isa = PBXBuildFile; fileRef = D1E1024E1A490FF94991E3AF /* Core/PersistedCorrespondence.swift */; };
		896ABC29D193F2031450A89B /* DesignSystem/CorrespondenceMark.swift in Sources */ = {isa = PBXBuildFile; fileRef = 3CBD527CBC57BC423404D845 /* DesignSystem/CorrespondenceMark.swift */; };
		8EFE7A4258A57167DB2D4714 /* Core/GmailAccount.swift in Sources */ = {isa = PBXBuildFile; fileRef = D68DA0977ACFA46A1C9952B4 /* Core/GmailAccount.swift */; };
		915836714C5888A247DFC316 /* Features/CorrespondenceList.swift in Sources */ = {isa = PBXBuildFile; fileRef = A84A2742DF9E08880CF52E5D /* Features/CorrespondenceList.swift */; };
		9D52FB6C7F9BA8A3A75AA58C /* Features/BriefView.swift in Sources */ = {isa = PBXBuildFile; fileRef = D6F27FB96B40EED99BFE20A6 /* Features/BriefView.swift */; };
		A99CD41F11A5A2AEBA88195E /* DesignSystem/CorrespondenceSculpture.swift in Sources */ = {isa = PBXBuildFile; fileRef = FBA4C4D94F17EABA46312F3F /* DesignSystem/CorrespondenceSculpture.swift */; };
		B3C4C37B4AD4DE2EECA87225 /* Features/HTMLMessageBody.swift in Sources */ = {isa = PBXBuildFile; fileRef = 67FCDDD1329818B12922D64E /* Features/HTMLMessageBody.swift */; };
		B4CF17BA7EBADAFFFE4C32D9 /* DesignSystem/Tokens.swift in Sources */ = {isa = PBXBuildFile; fileRef = 16FDAA185499F66241648B25 /* DesignSystem/Tokens.swift */; };
		B66A15A79057947ECBB08EFC /* Features/WelcomeView.swift in Sources */ = {isa = PBXBuildFile; fileRef = 9A197A2D27A63A32E9B83006 /* Features/WelcomeView.swift */; };
		B9A73E7D7AC845889F7D3870 /* App/Assets.xcassets in Resources */ = {isa = PBXBuildFile; fileRef = B16B6325BA8F1CFBCC279108 /* App/Assets.xcassets */; };
		BB3CA26C51C343ECA59840FF /* App/LabelDirectory.swift in Sources */ = {isa = PBXBuildFile; fileRef = 3A4D571AAED54527AAC57F47 /* App/LabelDirectory.swift */; };
		23D3AB8DD02A4999883FF6B2 /* App/Keychain.swift in Sources */ = {isa = PBXBuildFile; fileRef = B03773975FDB401CA02B5F15 /* App/Keychain.swift */; };
		CBAEF7A3115B4335A7A17995 /* App/GoogleTokenProvider.swift in Sources */ = {isa = PBXBuildFile; fileRef = 2251A710575244BEBBE7402E /* App/GoogleTokenProvider.swift */; };
		BE36A92E6CE823019F950463 /* Core/PersistedOutboxEntry.swift in Sources */ = {isa = PBXBuildFile; fileRef = 0E2711B5F417758711A30B4D /* Core/PersistedOutboxEntry.swift */; };
		C2D178FA2ECD796F4B6A79A3 /* Features/PreferencesView.swift in Sources */ = {isa = PBXBuildFile; fileRef = FA57480437BE46588460ED61 /* Features/PreferencesView.swift */; };
		C957750BEBE3C33F032D5D7C /* Features/CorresShell.swift in Sources */ = {isa = PBXBuildFile; fileRef = 8A6D2AECED4C48E4222ADE95 /* Features/CorresShell.swift */; };
		D3C2358BFDB254816ED9D71E /* App/PrivacyInfo.xcprivacy in Resources */ = {isa = PBXBuildFile; fileRef = F048BFA7B57836F484F1B9C1 /* App/PrivacyInfo.xcprivacy */; };
		D8779F4C9329B419FF7FD755 /* App/GmailAPIClient.swift in Sources */ = {isa = PBXBuildFile; fileRef = 682EC77E42F944FED8F83C02 /* App/GmailAPIClient.swift */; };
		DA1D1527A8E832C86F278428 /* Features/WKWebViewPool.swift in Sources */ = {isa = PBXBuildFile; fileRef = E03C9ECA4EFCE45294D7EB28 /* Features/WKWebViewPool.swift */; };
		E3ED3246FBF46344E2584016 /* Features/ComposeView.swift in Sources */ = {isa = PBXBuildFile; fileRef = 17EC2216CF5E6F988F527EB5 /* Features/ComposeView.swift */; };
		E79A8DBC3229495CA769B912 /* App/ThreadActionService.swift in Sources */ = {isa = PBXBuildFile; fileRef = 89705DCC26384892BF488BA2 /* App/ThreadActionService.swift */; };
		E98FEC0BFF976467BBBDCC6E /* Features/Destination.swift in Sources */ = {isa = PBXBuildFile; fileRef = 62E30C119A8AA5A9BF4A804F /* Features/Destination.swift */; };
		EA144187FC763199BAADD12C /* GoogleSignInSwift in Frameworks */ = {isa = PBXBuildFile; productRef = C12665C738199993D8D54A23 /* GoogleSignInSwift */; };
/* End PBXBuildFile section */

/* Begin PBXFileReference section */
		0E2711B5F417758711A30B4D /* Core/PersistedOutboxEntry.swift */ = {isa = PBXFileReference; lastKnownFileType = sourcecode.swift; path = Core/PersistedOutboxEntry.swift; sourceTree = SOURCE_ROOT; };
		16FDAA185499F66241648B25 /* DesignSystem/Tokens.swift */ = {isa = PBXFileReference; lastKnownFileType = sourcecode.swift; path = DesignSystem/Tokens.swift; sourceTree = SOURCE_ROOT; };
		17EC2216CF5E6F988F527EB5 /* Features/ComposeView.swift */ = {isa = PBXFileReference; lastKnownFileType = sourcecode.swift; path = Features/ComposeView.swift; sourceTree = SOURCE_ROOT; };
		1B711AF08239E828BF9969F3 /* Features/ConversationView.swift */ = {isa = PBXFileReference; lastKnownFileType = sourcecode.swift; path = Features/ConversationView.swift; sourceTree = SOURCE_ROOT; };
		2107F2DE31F9ED9AE7F9E54C /* App/GmailSyncService.swift */ = {isa = PBXFileReference; lastKnownFileType = sourcecode.swift; path = App/GmailSyncService.swift; sourceTree = SOURCE_ROOT; };
		3188DDEA4B4112FCE079024F /* Core/CorresSchema.swift */ = {isa = PBXFileReference; lastKnownFileType = sourcecode.swift; path = Core/CorresSchema.swift; sourceTree = SOURCE_ROOT; };
		37AEABBF5B1C933392981114 /* DesignSystem/Materials.swift */ = {isa = PBXFileReference; lastKnownFileType = sourcecode.swift; path = DesignSystem/Materials.swift; sourceTree = SOURCE_ROOT; };
		3A4D571AAED54527AAC57F47 /* App/LabelDirectory.swift */ = {isa = PBXFileReference; lastKnownFileType = sourcecode.swift; path = App/LabelDirectory.swift; sourceTree = SOURCE_ROOT; };
		B03773975FDB401CA02B5F15 /* App/Keychain.swift */ = {isa = PBXFileReference; lastKnownFileType = sourcecode.swift; path = App/Keychain.swift; sourceTree = SOURCE_ROOT; };
		2251A710575244BEBBE7402E /* App/GoogleTokenProvider.swift */ = {isa = PBXFileReference; lastKnownFileType = sourcecode.swift; path = App/GoogleTokenProvider.swift; sourceTree = SOURCE_ROOT; };
		3CBD527CBC57BC423404D845 /* DesignSystem/CorrespondenceMark.swift */ = {isa = PBXFileReference; lastKnownFileType = sourcecode.swift; path = DesignSystem/CorrespondenceMark.swift; sourceTree = SOURCE_ROOT; };
		447B0387783A4EE385008A6B /* App/AppDelegate.swift */ = {isa = PBXFileReference; lastKnownFileType = sourcecode.swift; path = App/AppDelegate.swift; sourceTree = SOURCE_ROOT; };
		44B8B11C43712F4DF6C6A4B0 /* App/GmailMessageComposer.swift */ = {isa = PBXFileReference; lastKnownFileType = sourcecode.swift; path = App/GmailMessageComposer.swift; sourceTree = SOURCE_ROOT; };
		4E055D7FFC136234D685E062 /* Core/Correspondence.swift */ = {isa = PBXFileReference; lastKnownFileType = sourcecode.swift; path = Core/Correspondence.swift; sourceTree = SOURCE_ROOT; };
		62E30C119A8AA5A9BF4A804F /* Features/Destination.swift */ = {isa = PBXFileReference; lastKnownFileType = sourcecode.swift; path = Features/Destination.swift; sourceTree = SOURCE_ROOT; };
		63EB4BD12F7A4F4DE2BC78F7 /* Core/MailRepository.swift */ = {isa = PBXFileReference; lastKnownFileType = sourcecode.swift; path = Core/MailRepository.swift; sourceTree = SOURCE_ROOT; };
		67FCDDD1329818B12922D64E /* Features/HTMLMessageBody.swift */ = {isa = PBXFileReference; lastKnownFileType = sourcecode.swift; path = Features/HTMLMessageBody.swift; sourceTree = SOURCE_ROOT; };
		682EC77E42F944FED8F83C02 /* App/GmailAPIClient.swift */ = {isa = PBXFileReference; lastKnownFileType = sourcecode.swift; path = App/GmailAPIClient.swift; sourceTree = SOURCE_ROOT; };
		6AF963A48F35EECBABCEAC67 /* Core/SampleCorrespondence.swift */ = {isa = PBXFileReference; lastKnownFileType = sourcecode.swift; path = Core/SampleCorrespondence.swift; sourceTree = SOURCE_ROOT; };
		75B2D40AA7032720196B86FE /* App/MailStore.swift */ = {isa = PBXFileReference; lastKnownFileType = sourcecode.swift; path = App/MailStore.swift; sourceTree = SOURCE_ROOT; };
		89705DCC26384892BF488BA2 /* App/ThreadActionService.swift */ = {isa = PBXFileReference; lastKnownFileType = sourcecode.swift; path = App/ThreadActionService.swift; sourceTree = SOURCE_ROOT; };
		8A6D2AECED4C48E4222ADE95 /* Features/CorresShell.swift */ = {isa = PBXFileReference; lastKnownFileType = sourcecode.swift; path = Features/CorresShell.swift; sourceTree = SOURCE_ROOT; };
		916D22A5A98347EDBD6063F8 /* App/PushNotificationService.swift */ = {isa = PBXFileReference; lastKnownFileType = sourcecode.swift; path = App/PushNotificationService.swift; sourceTree = SOURCE_ROOT; };
		97F9C55B0E3533C78CF4C4F6 /* Core/SwiftDataMailRepository.swift */ = {isa = PBXFileReference; lastKnownFileType = sourcecode.swift; path = Core/SwiftDataMailRepository.swift; sourceTree = SOURCE_ROOT; };
		9A197A2D27A63A32E9B83006 /* Features/WelcomeView.swift */ = {isa = PBXFileReference; lastKnownFileType = sourcecode.swift; path = Features/WelcomeView.swift; sourceTree = SOURCE_ROOT; };
		A84A2742DF9E08880CF52E5D /* Features/CorrespondenceList.swift */ = {isa = PBXFileReference; lastKnownFileType = sourcecode.swift; path = Features/CorrespondenceList.swift; sourceTree = SOURCE_ROOT; };
		A8792157CB4F27FB949C035F /* Corres.app */ = {isa = PBXFileReference; explicitFileType = wrapper.application; path = Corres.app; sourceTree = BUILT_PRODUCTS_DIR; };
		B16B6325BA8F1CFBCC279108 /* App/Assets.xcassets */ = {isa = PBXFileReference; lastKnownFileType = folder.assetcatalog; path = App/Assets.xcassets; sourceTree = SOURCE_ROOT; };
		C03285F34837864AED181DA0 /* App/CorresApp.swift */ = {isa = PBXFileReference; lastKnownFileType = sourcecode.swift; path = App/CorresApp.swift; sourceTree = SOURCE_ROOT; };
		C56F5DE2502E92807210146E /* Features/ScreenerView.swift */ = {isa = PBXFileReference; lastKnownFileType = sourcecode.swift; path = Features/ScreenerView.swift; sourceTree = SOURCE_ROOT; };
		D1E1024E1A490FF94991E3AF /* Core/PersistedCorrespondence.swift */ = {isa = PBXFileReference; lastKnownFileType = sourcecode.swift; path = Core/PersistedCorrespondence.swift; sourceTree = SOURCE_ROOT; };
		D68DA0977ACFA46A1C9952B4 /* Core/GmailAccount.swift */ = {isa = PBXFileReference; lastKnownFileType = sourcecode.swift; path = Core/GmailAccount.swift; sourceTree = SOURCE_ROOT; };
		D6F27FB96B40EED99BFE20A6 /* Features/BriefView.swift */ = {isa = PBXFileReference; lastKnownFileType = sourcecode.swift; path = Features/BriefView.swift; sourceTree = SOURCE_ROOT; };
		DC0B80EE1611396DB315C571 /* App/OutboxService.swift */ = {isa = PBXFileReference; lastKnownFileType = sourcecode.swift; path = App/OutboxService.swift; sourceTree = SOURCE_ROOT; };
		E03C9ECA4EFCE45294D7EB28 /* Features/WKWebViewPool.swift */ = {isa = PBXFileReference; lastKnownFileType = sourcecode.swift; path = Features/WKWebViewPool.swift; sourceTree = SOURCE_ROOT; };
		F048BFA7B57836F484F1B9C1 /* App/PrivacyInfo.xcprivacy */ = {isa = PBXFileReference; lastKnownFileType = text.xml; path = App/PrivacyInfo.xcprivacy; sourceTree = SOURCE_ROOT; };
		F87B8DB17F1F3706C1461F47 /* App/GoogleAuthService.swift */ = {isa = PBXFileReference; lastKnownFileType = sourcecode.swift; path = App/GoogleAuthService.swift; sourceTree = SOURCE_ROOT; };
		FA57480437BE46588460ED61 /* Features/PreferencesView.swift */ = {isa = PBXFileReference; lastKnownFileType = sourcecode.swift; path = Features/PreferencesView.swift; sourceTree = SOURCE_ROOT; };
		FBA4C4D94F17EABA46312F3F /* DesignSystem/CorrespondenceSculpture.swift */ = {isa = PBXFileReference; lastKnownFileType = sourcecode.swift; path = DesignSystem/CorrespondenceSculpture.swift; sourceTree = SOURCE_ROOT; };
/* End PBXFileReference section */

/* Begin PBXFrameworksBuildPhase section */
		E2AA269EB967A8853A258BFA /* Frameworks */ = {
			isa = PBXFrameworksBuildPhase;
			buildActionMask = 2147483647;
			files = (
				036D19D2357FCAF354B35D8F /* GoogleSignIn in Frameworks */,
				EA144187FC763199BAADD12C /* GoogleSignInSwift in Frameworks */,
			);
			runOnlyForDeploymentPostprocessing = 0;
		};
/* End PBXFrameworksBuildPhase section */

/* Begin PBXGroup section */
		0A3E27B8CA818264D75C8D81 /* Products */ = {
			isa = PBXGroup;
			children = (
				A8792157CB4F27FB949C035F /* Corres.app */,
			);
			name = Products;
			sourceTree = "<group>";
		};
		0D6E4079E36703EBD37C0072 = {
			isa = PBXGroup;
			children = (
				C03285F34837864AED181DA0 /* App/CorresApp.swift */,
				682EC77E42F944FED8F83C02 /* App/GmailAPIClient.swift */,
				44B8B11C43712F4DF6C6A4B0 /* App/GmailMessageComposer.swift */,
				2107F2DE31F9ED9AE7F9E54C /* App/GmailSyncService.swift */,
				F87B8DB17F1F3706C1461F47 /* App/GoogleAuthService.swift */,
				75B2D40AA7032720196B86FE /* App/MailStore.swift */,
				DC0B80EE1611396DB315C571 /* App/OutboxService.swift */,
				89705DCC26384892BF488BA2 /* App/ThreadActionService.swift */,
				3A4D571AAED54527AAC57F47 /* App/LabelDirectory.swift */,
				B03773975FDB401CA02B5F15 /* App/Keychain.swift */,
				2251A710575244BEBBE7402E /* App/GoogleTokenProvider.swift */,
				447B0387783A4EE385008A6B /* App/AppDelegate.swift */,
				916D22A5A98347EDBD6063F8 /* App/PushNotificationService.swift */,
				3188DDEA4B4112FCE079024F /* Core/CorresSchema.swift */,
				4E055D7FFC136234D685E062 /* Core/Correspondence.swift */,
				D68DA0977ACFA46A1C9952B4 /* Core/GmailAccount.swift */,
				63EB4BD12F7A4F4DE2BC78F7 /* Core/MailRepository.swift */,
				D1E1024E1A490FF94991E3AF /* Core/PersistedCorrespondence.swift */,
				0E2711B5F417758711A30B4D /* Core/PersistedOutboxEntry.swift */,
				6AF963A48F35EECBABCEAC67 /* Core/SampleCorrespondence.swift */,
				97F9C55B0E3533C78CF4C4F6 /* Core/SwiftDataMailRepository.swift */,
				3CBD527CBC57BC423404D845 /* DesignSystem/CorrespondenceMark.swift */,
				FBA4C4D94F17EABA46312F3F /* DesignSystem/CorrespondenceSculpture.swift */,
				37AEABBF5B1C933392981114 /* DesignSystem/Materials.swift */,
				16FDAA185499F66241648B25 /* DesignSystem/Tokens.swift */,
				D6F27FB96B40EED99BFE20A6 /* Features/BriefView.swift */,
				17EC2216CF5E6F988F527EB5 /* Features/ComposeView.swift */,
				1B711AF08239E828BF9969F3 /* Features/ConversationView.swift */,
				8A6D2AECED4C48E4222ADE95 /* Features/CorresShell.swift */,
				A84A2742DF9E08880CF52E5D /* Features/CorrespondenceList.swift */,
				62E30C119A8AA5A9BF4A804F /* Features/Destination.swift */,
				67FCDDD1329818B12922D64E /* Features/HTMLMessageBody.swift */,
				FA57480437BE46588460ED61 /* Features/PreferencesView.swift */,
				C56F5DE2502E92807210146E /* Features/ScreenerView.swift */,
				E03C9ECA4EFCE45294D7EB28 /* Features/WKWebViewPool.swift */,
				9A197A2D27A63A32E9B83006 /* Features/WelcomeView.swift */,
				F048BFA7B57836F484F1B9C1 /* App/PrivacyInfo.xcprivacy */,
				B16B6325BA8F1CFBCC279108 /* App/Assets.xcassets */,
				0A3E27B8CA818264D75C8D81 /* Products */,
			);
			sourceTree = "<group>";
		};
/* End PBXGroup section */

/* Begin PBXNativeTarget section */
		34A04005BCAF206EEC990BD9 /* Corres */ = {
			isa = PBXNativeTarget;
			buildConfigurationList = 1B672BF3DA427763BF644BE3 /* Build configuration list for PBXNativeTarget "Corres" */;
			buildPhases = (
				878A52FC5FF6A57D50B7B870 /* Sources */,
				E2AA269EB967A8853A258BFA /* Frameworks */,
				41D311A605520FC7B8B9A980 /* Resources */,
			);
			buildRules = (
			);
			dependencies = (
			);
			name = Corres;
			packageProductDependencies = (
				5662C63EE436AAF5D5F1FD05 /* GoogleSignIn */,
				C12665C738199993D8D54A23 /* GoogleSignInSwift */,
			);
			productName = Corres;
			productReference = A8792157CB4F27FB949C035F /* Corres.app */;
			productType = "com.apple.product-type.application";
		};
/* End PBXNativeTarget section */

/* Begin PBXProject section */
		244210E48437B6556980A702 /* Project object */ = {
			isa = PBXProject;
			attributes = {
				LastUpgradeCheck = 2700;
			};
			buildConfigurationList = 76F8DEC3DFE0BDB465198890 /* Build configuration list for PBXProject "Corres" */;
			compatibilityVersion = "Xcode 14.0";
			developmentRegion = en;
			hasScannedForEncodings = 0;
			knownRegions = (
				en,
				Base,
			);
			mainGroup = 0D6E4079E36703EBD37C0072;
			packageReferences = (
				362DCEECAB286DF675BE4C19 /* XCRemoteSwiftPackageReference "GoogleSignIn-iOS" */,
			);
			productRefGroup = 0A3E27B8CA818264D75C8D81 /* Products */;
			projectDirPath = "";
			projectRoot = "";
			targets = (
				34A04005BCAF206EEC990BD9 /* Corres */,
			);
		};
/* End PBXProject section */

/* Begin PBXResourcesBuildPhase section */
		41D311A605520FC7B8B9A980 /* Resources */ = {
			isa = PBXResourcesBuildPhase;
			buildActionMask = 2147483647;
			files = (
				D3C2358BFDB254816ED9D71E /* App/PrivacyInfo.xcprivacy in Resources */,
				B9A73E7D7AC845889F7D3870 /* App/Assets.xcassets in Resources */,
			);
			runOnlyForDeploymentPostprocessing = 0;
		};
/* End PBXResourcesBuildPhase section */

/* Begin PBXSourcesBuildPhase section */
		878A52FC5FF6A57D50B7B870 /* Sources */ = {
			isa = PBXSourcesBuildPhase;
			buildActionMask = 2147483647;
			files = (
				8088289DE26E42F346EED9A3 /* App/CorresApp.swift in Sources */,
				D8779F4C9329B419FF7FD755 /* App/GmailAPIClient.swift in Sources */,
				5B0DBF797CEEFC17DE04B195 /* App/GmailMessageComposer.swift in Sources */,
				5B55F7DF9308406034F6D3C1 /* App/GmailSyncService.swift in Sources */,
				70B7725BE97E7AAF5A521A5F /* App/GoogleAuthService.swift in Sources */,
				1210C83E3ABF3705EAA0C0D1 /* App/MailStore.swift in Sources */,
				7ADE31691A6CE5F5F6B4E8F0 /* App/OutboxService.swift in Sources */,
				E79A8DBC3229495CA769B912 /* App/ThreadActionService.swift in Sources */,
				BB3CA26C51C343ECA59840FF /* App/LabelDirectory.swift in Sources */,
				23D3AB8DD02A4999883FF6B2 /* App/Keychain.swift in Sources */,
				CBAEF7A3115B4335A7A17995 /* App/GoogleTokenProvider.swift in Sources */,
				48A5A9377BA4468386749647 /* App/AppDelegate.swift in Sources */,
				3EC3C3C05C7C482BB226F0F7 /* App/PushNotificationService.swift in Sources */,
				1729D2B584AB0024ED1C9BB4 /* Core/CorresSchema.swift in Sources */,
				6C584DE0EEB4A0BF9EAE3C23 /* Core/Correspondence.swift in Sources */,
				8EFE7A4258A57167DB2D4714 /* Core/GmailAccount.swift in Sources */,
				5217E979DBA0B50FC2D1DA5D /* Core/MailRepository.swift in Sources */,
				84828CC35E92F0A5A9B61F0D /* Core/PersistedCorrespondence.swift in Sources */,
				BE36A92E6CE823019F950463 /* Core/PersistedOutboxEntry.swift in Sources */,
				6B9841FB4C0E4DED3FD28A36 /* Core/SampleCorrespondence.swift in Sources */,
				5663E23856EA9C3DB7EC73D8 /* Core/SwiftDataMailRepository.swift in Sources */,
				896ABC29D193F2031450A89B /* DesignSystem/CorrespondenceMark.swift in Sources */,
				A99CD41F11A5A2AEBA88195E /* DesignSystem/CorrespondenceSculpture.swift in Sources */,
				198AA1E8786592DABC5E015E /* DesignSystem/Materials.swift in Sources */,
				B4CF17BA7EBADAFFFE4C32D9 /* DesignSystem/Tokens.swift in Sources */,
				9D52FB6C7F9BA8A3A75AA58C /* Features/BriefView.swift in Sources */,
				E3ED3246FBF46344E2584016 /* Features/ComposeView.swift in Sources */,
				180DDC0F37852583386242F8 /* Features/ConversationView.swift in Sources */,
				C957750BEBE3C33F032D5D7C /* Features/CorresShell.swift in Sources */,
				915836714C5888A247DFC316 /* Features/CorrespondenceList.swift in Sources */,
				E98FEC0BFF976467BBBDCC6E /* Features/Destination.swift in Sources */,
				B3C4C37B4AD4DE2EECA87225 /* Features/HTMLMessageBody.swift in Sources */,
				C2D178FA2ECD796F4B6A79A3 /* Features/PreferencesView.swift in Sources */,
				3A16A2272C5E0513B52F8189 /* Features/ScreenerView.swift in Sources */,
				DA1D1527A8E832C86F278428 /* Features/WKWebViewPool.swift in Sources */,
				B66A15A79057947ECBB08EFC /* Features/WelcomeView.swift in Sources */,
			);
			runOnlyForDeploymentPostprocessing = 0;
		};
/* End PBXSourcesBuildPhase section */

/* Begin XCBuildConfiguration section */
		0B0C687DF8B6B8DC790B519C /* Release */ = {
			isa = XCBuildConfiguration;
			buildSettings = {
				CLANG_ENABLE_MODULES = YES;
				IPHONEOS_DEPLOYMENT_TARGET = 17.0;
				SDKROOT = iphoneos;
				SWIFT_STRICT_CONCURRENCY = complete;
				SWIFT_VERSION = 6.0;
			};
			name = Release;
		};
		6C7EFF6369083C8E1F2B1994 /* Debug */ = {
			isa = XCBuildConfiguration;
			buildSettings = {
				ASSETCATALOG_COMPILER_APPICON_NAME = AppIcon;
				ASSETCATALOG_COMPILER_GLOBAL_ACCENT_COLOR_NAME = AccentColor;
				CODE_SIGN_ENTITLEMENTS = App/Corres.entitlements;
				CODE_SIGN_STYLE = Automatic;
				CURRENT_PROJECT_VERSION = 1;
				DEBUG_INFORMATION_FORMAT = dwarf;
				DEVELOPMENT_TEAM = 7GGTC43CG8;
				GENERATE_INFOPLIST_FILE = YES;
				INFOPLIST_FILE = App/Info.plist;
				INFOPLIST_KEY_CFBundleDisplayName = Corres;
				INFOPLIST_KEY_LSApplicationCategoryType = "public.app-category.productivity";
				INFOPLIST_KEY_UIApplicationSceneManifest_Generation = YES;
				INFOPLIST_KEY_UISupportedInterfaceOrientations = "UIInterfaceOrientationPortrait UIInterfaceOrientationLandscapeLeft UIInterfaceOrientationLandscapeRight";
				MARKETING_VERSION = 0.1.0;
				PRODUCT_BUNDLE_IDENTIFIER = studio.anwarcreative.corres;
				PRODUCT_NAME = Corres;
				SUPPORTED_PLATFORMS = "iphoneos iphonesimulator";
				SWIFT_ACTIVE_COMPILATION_CONDITIONS = DEBUG;
				SWIFT_EMIT_LOC_STRINGS = YES;
				SWIFT_OPTIMIZATION_LEVEL = "-Onone";
				TARGETED_DEVICE_FAMILY = 1;
			};
			name = Debug;
		};
		73EBF6644258C120893E685D /* Debug */ = {
			isa = XCBuildConfiguration;
			buildSettings = {
				CLANG_ENABLE_MODULES = YES;
				IPHONEOS_DEPLOYMENT_TARGET = 17.0;
				SDKROOT = iphoneos;
				SWIFT_STRICT_CONCURRENCY = complete;
				SWIFT_VERSION = 6.0;
			};
			name = Debug;
		};
		DD75E2CB1C510A828AC72D96 /* Release */ = {
			isa = XCBuildConfiguration;
			buildSettings = {
				ASSETCATALOG_COMPILER_APPICON_NAME = AppIcon;
				ASSETCATALOG_COMPILER_GLOBAL_ACCENT_COLOR_NAME = AccentColor;
				CODE_SIGN_ENTITLEMENTS = App/Corres.entitlements;
				CODE_SIGN_STYLE = Automatic;
				CURRENT_PROJECT_VERSION = 1;
				DEBUG_INFORMATION_FORMAT = "dwarf-with-dsym";
				DEVELOPMENT_TEAM = 7GGTC43CG8;
				GENERATE_INFOPLIST_FILE = YES;
				INFOPLIST_FILE = App/Info.plist;
				INFOPLIST_KEY_CFBundleDisplayName = Corres;
				INFOPLIST_KEY_LSApplicationCategoryType = "public.app-category.productivity";
				INFOPLIST_KEY_UIApplicationSceneManifest_Generation = YES;
				INFOPLIST_KEY_UISupportedInterfaceOrientations = "UIInterfaceOrientationPortrait UIInterfaceOrientationLandscapeLeft UIInterfaceOrientationLandscapeRight";
				MARKETING_VERSION = 0.1.0;
				PRODUCT_BUNDLE_IDENTIFIER = studio.anwarcreative.corres;
				PRODUCT_NAME = Corres;
				SUPPORTED_PLATFORMS = "iphoneos iphonesimulator";
				SWIFT_EMIT_LOC_STRINGS = YES;
				SWIFT_OPTIMIZATION_LEVEL = "-O";
				TARGETED_DEVICE_FAMILY = 1;
			};
			name = Release;
		};
/* End XCBuildConfiguration section */

/* Begin XCConfigurationList section */
		1B672BF3DA427763BF644BE3 /* Build configuration list for PBXNativeTarget "Corres" */ = {
			isa = XCConfigurationList;
			buildConfigurations = (
				6C7EFF6369083C8E1F2B1994 /* Debug */,
				DD75E2CB1C510A828AC72D96 /* Release */,
			);
			defaultConfigurationIsVisible = 0;
			defaultConfigurationName = Release;
		};
		76F8DEC3DFE0BDB465198890 /* Build configuration list for PBXProject "Corres" */ = {
			isa = XCConfigurationList;
			buildConfigurations = (
				73EBF6644258C120893E685D /* Debug */,
				0B0C687DF8B6B8DC790B519C /* Release */,
			);
			defaultConfigurationIsVisible = 0;
			defaultConfigurationName = Release;
		};
/* End XCConfigurationList section */

/* Begin XCRemoteSwiftPackageReference section */
		362DCEECAB286DF675BE4C19 /* XCRemoteSwiftPackageReference "GoogleSignIn-iOS" */ = {
			isa = XCRemoteSwiftPackageReference;
			repositoryURL = "https://github.com/google/GoogleSignIn-iOS";
			requirement = {
				kind = upToNextMajorVersion;
				minimumVersion = 10.0.0;
			};
		};
/* End XCRemoteSwiftPackageReference section */

/* Begin XCSwiftPackageProductDependency section */
		5662C63EE436AAF5D5F1FD05 /* GoogleSignIn */ = {
			isa = XCSwiftPackageProductDependency;
			package = 362DCEECAB286DF675BE4C19 /* XCRemoteSwiftPackageReference "GoogleSignIn-iOS" */;
			productName = GoogleSignIn;
		};
		C12665C738199993D8D54A23 /* GoogleSignInSwift */ = {
			isa = XCSwiftPackageProductDependency;
			package = 362DCEECAB286DF675BE4C19 /* XCRemoteSwiftPackageReference "GoogleSignIn-iOS" */;
			productName = GoogleSignInSwift;
		};
/* End XCSwiftPackageProductDependency section */
	};
	rootObject = 244210E48437B6556980A702 /* Project object */;
}
